Microsoft Visual Studio Solution File, Format Version 11.00
# Visual Studio 2008

Project("{028BADAE-DBC4-7100-7D95-9060E413D5DA}") = "UnityVRGipProj", "Assembly-CSharp.csproj", "{02DE161D-938E-6D79-12F0-34CE9D4208D8}"
EndProject
Global
	GlobalSection(SolutionConfigurationPlatforms) = preSolution
		Debug|Any CPU = Debug|Any CPU
		Release|Any CPU = Release|Any CPU
	EndGlobalSection
	GlobalSection(ProjectConfigurationPlatforms) = postSolution
		{02DE161D-938E-6D79-12F0-34CE9D4208D8}.Debug|Any CPU.ActiveCfg = Debug|Any CPU
		{02DE161D-938E-6D79-12F0-34CE9D4208D8}.Debug|Any CPU.Build.0 = Debug|Any CPU
		{02DE161D-938E-6D79-12F0-34CE9D4208D8}.Release|Any CPU.ActiveCfg = Release|Any CPU
		{02DE161D-938E-6D79-12F0-34CE9D4208D8}.Release|Any CPU.Build.0 = Release|Any CPU
	EndGlobalSection
	GlobalSection(SolutionProperties) = preSolution
		HideSolutionNode = FALSE
	EndGlobalSection
	GlobalSection(MonoDevelopProperties) = preSolution
		StartupItem = Assembly-CSharp.csproj
	EndGlobalSection
EndGlobal
